
Microsoft Visual Studio Solution File, Format Version 12.00
# Visual Studio Version 16
VisualStudioVersion = 16.0.31205.134
MinimumVisualStudioVersion = 10.0.40219.1
Project("{9A19103F-16F7-4668-BE54-9A1E7A4F7556}") = "intern", "intern.csproj", "{BD33F085-9051-4D9D-8C85-2EEF6BAC055C}"
EndProject
Project("{2150E333-8FDC-42A3-9474-1A3956D46DE8}") = "Code OOP", "Code OOP", "{9422AB8A-0F99-4099-9A23-5A32AC04C6ED}"
EndProject
Project("{FAE04EC0-301F-11D3-BF4B-00C04F79EFBC}") = "OOP", "OOP\OOP.csproj", "{67223BD2-EB35-4BF5-9559-1B0F5A478F8E}"
EndProject
Global
	GlobalSection(SolutionConfigurationPlatforms) = preSolution
		Debug|Any CPU = Debug|Any CPU
		Release|Any CPU = Release|Any CPU
	EndGlobalSection
	GlobalSection(ProjectConfigurationPlatforms) = postSolution
		{BD33F085-9051-4D9D-8C85-2EEF6BAC055C}.Debug|Any CPU.ActiveCfg = Debug|Any CPU
		{BD33F085-9051-4D9D-8C85-2EEF6BAC055C}.Debug|Any CPU.Build.0 = Debug|Any CPU
		{BD33F085-9051-4D9D-8C85-2EEF6BAC055C}.Release|Any CPU.ActiveCfg = Release|Any CPU
		{BD33F085-9051-4D9D-8C85-2EEF6BAC055C}.Release|Any CPU.Build.0 = Release|Any CPU
		{67223BD2-EB35-4BF5-9559-1B0F5A478F8E}.Debug|Any CPU.ActiveCfg = Debug|Any CPU
		{67223BD2-EB35-4BF5-9559-1B0F5A478F8E}.Debug|Any CPU.Build.0 = Debug|Any CPU
		{67223BD2-EB35-4BF5-9559-1B0F5A478F8E}.Release|Any CPU.ActiveCfg = Release|Any CPU
		{67223BD2-EB35-4BF5-9559-1B0F5A478F8E}.Release|Any CPU.Build.0 = Release|Any CPU
	EndGlobalSection
	GlobalSection(SolutionProperties) = preSolution
		HideSolutionNode = FALSE
	EndGlobalSection
	GlobalSection(NestedProjects) = preSolution
		{67223BD2-EB35-4BF5-9559-1B0F5A478F8E} = {9422AB8A-0F99-4099-9A23-5A32AC04C6ED}
	EndGlobalSection
	GlobalSection(ExtensibilityGlobals) = postSolution
		SolutionGuid = {D6D7AC12-9A55-438D-8DFB-9CDD37A80AC7}
	EndGlobalSection
EndGlobal
